// !$*UTF8*$!
{
	archiveVersion = 1;
	classes = {
	};
	objectVersion = 51;
	objects = {

/* Begin PBXBuildFile section */
		CCA2A2C0BE713E4E0E5EA593 /* Pods_UberApp.framework in Frameworks */ = {isa = PBXBuildFile; fileRef = 068B3D0165B16635C468F39E /* Pods_UberApp.framework */; };
		D15BC1DE2555D98A00F82E58 /* SingUpController.swift in Sources */ = {isa = PBXBuildFile; fileRef = D15BC1DD2555D98A00F82E58 /* SingUpController.swift */; };
		D15BC1E12555F81000F82E58 /* AuthButton.swift in Sources */ = {isa = PBXBuildFile; fileRef = D15BC1E02555F81000F82E58 /* AuthButton.swift */; };
		D15BC1E42557524800F82E58 /* GoogleService-Info.plist in Resources */ = {isa = PBXBuildFile; fileRef = D15BC1E32557524800F82E58 /* GoogleService-Info.plist */; };
		D16016722554C24C00C36409 /* AppDelegate.swift in Sources */ = {isa = PBXBuildFile; fileRef = D16016712554C24C00C36409 /* AppDelegate.swift */; };
		D16016742554C24C00C36409 /* SceneDelegate.swift in Sources */ = {isa = PBXBuildFile; fileRef = D16016732554C24C00C36409 /* SceneDelegate.swift */; };
		D16016792554C24C00C36409 /* Main.storyboard in Resources */ = {isa = PBXBuildFile; fileRef = D16016772554C24C00C36409 /* Main.storyboard */; };
		D160167B2554C24D00C36409 /* Assets.xcassets in Resources */ = {isa = PBXBuildFile; fileRef = D160167A2554C24D00C36409 /* Assets.xcassets */; };
		D160167E2554C24D00C36409 /* LaunchScreen.storyboard in Resources */ = {isa = PBXBuildFile; fileRef = D160167C2554C24D00C36409 /* LaunchScreen.storyboard */; };
		D160168C2554C37F00C36409 /* LoginController.swift in Sources */ = {isa = PBXBuildFile; fileRef = D160168B2554C37F00C36409 /* LoginController.swift */; };
		D16016912554C8F600C36409 /* Extension.swift in Sources */ = {isa = PBXBuildFile; fileRef = D16016902554C8F600C36409 /* Extension.swift */; };
		D1C35B8E2558B7CA00FB5504 /* HomeController.swift in Sources */ = {isa = PBXBuildFile; fileRef = D1C35B8D2558B7CA00FB5504 /* HomeController.swift */; };
		D1C35B9125599CF700FB5504 /* LocationInputActivationView.swift in Sources */ = {isa = PBXBuildFile; fileRef = D1C35B9025599CF700FB5504 /* LocationInputActivationView.swift */; };
		D1C35B942559BAB400FB5504 /* LocationInputView.swift in Sources */ = {isa = PBXBuildFile; fileRef = D1C35B932559BAB400FB5504 /* LocationInputView.swift */; };
/* End PBXBuildFile section */

/* Begin PBXFileReference section */
		068B3D0165B16635C468F39E /* Pods_UberApp.framework */ = {isa = PBXFileReference; explicitFileType = wrapper.framework; includeInIndex = 0; path = Pods_UberApp.framework; sourceTree = BUILT_PRODUCTS_DIR; };
		6DA4A56DB2F4407A4AE0AE79 /* Pods-UberApp.debug.xcconfig */ = {isa = PBXFileReference; includeInIndex = 1; lastKnownFileType = text.xcconfig; name = "Pods-UberApp.debug.xcconfig"; path = "Target Support Files/Pods-UberApp/Pods-UberApp.debug.xcconfig"; sourceTree = "<group>"; };
		B0E22504E04681D2BF30FCAD /* Pods-UberApp.release.xcconfig */ = {isa = PBXFileReference; includeInIndex = 1; lastKnownFileType = text.xcconfig; name = "Pods-UberApp.release.xcconfig"; path = "Target Support Files/Pods-UberApp/Pods-UberApp.release.xcconfig"; sourceTree = "<group>"; };
		D15BC1DD2555D98A00F82E58 /* SingUpController.swift */ = {isa = PBXFileReference; lastKnownFileType = sourcecode.swift; path = SingUpController.swift; sourceTree = "<group>"; };
		D15BC1E02555F81000F82E58 /* AuthButton.swift */ = {isa = PBXFileReference; lastKnownFileType = sourcecode.swift; path = AuthButton.swift; sourceTree = "<group>"; };
		D15BC1E32557524800F82E58 /* GoogleService-Info.plist */ = {isa = PBXFileReference; fileEncoding = 4; lastKnownFileType = text.plist.xml; path = "GoogleService-Info.plist"; sourceTree = "<group>"; };
		D160166E2554C24C00C36409 /* UberApp.app */ = {isa = PBXFileReference; explicitFileType = wrapper.application; includeInIndex = 0; path = UberApp.app; sourceTree = BUILT_PRODUCTS_DIR; };
		D16016712554C24C00C36409 /* AppDelegate.swift */ = {isa = PBXFileReference; lastKnownFileType = sourcecode.swift; path = AppDelegate.swift; sourceTree = "<group>"; };
		D16016732554C24C00C36409 /* SceneDelegate.swift */ = {isa = PBXFileReference; lastKnownFileType = sourcecode.swift; path = SceneDelegate.swift; sourceTree = "<group>"; };
		D16016782554C24C00C36409 /* Base */ = {isa = PBXFileReference; lastKnownFileType = file.storyboard; name = Base; path = Base.lproj/Main.storyboard; sourceTree = "<group>"; };
		D160167A2554C24D00C36409 /* Assets.xcassets */ = {isa = PBXFileReference; lastKnownFileType = folder.assetcatalog; path = Assets.xcassets; sourceTree = "<group>"; };
		D160167D2554C24D00C36409 /* Base */ = {isa = PBXFileReference; lastKnownFileType = file.storyboard; name = Base; path = Base.lproj/LaunchScreen.storyboard; sourceTree = "<group>"; };
		D160167F2554C24D00C36409 /* Info.plist */ = {isa = PBXFileReference; lastKnownFileType = text.plist.xml; path = Info.plist; sourceTree = "<group>"; };
		D160168B2554C37F00C36409 /* LoginController.swift */ = {isa = PBXFileReference; lastKnownFileType = sourcecode.swift; path = LoginController.swift; sourceTree = "<group>"; };
		D16016902554C8F600C36409 /* Extension.swift */ = {isa = PBXFileReference; lastKnownFileType = sourcecode.swift; path = Extension.swift; sourceTree = "<group>"; };
		D1C35B8D2558B7CA00FB5504 /* HomeController.swift */ = {isa = PBXFileReference; lastKnownFileType = sourcecode.swift; path = HomeController.swift; sourceTree = "<group>"; };
		D1C35B9025599CF700FB5504 /* LocationInputActivationView.swift */ = {isa = PBXFileReference; lastKnownFileType = sourcecode.swift; path = LocationInputActivationView.swift; sourceTree = "<group>"; };
		D1C35B932559BAB400FB5504 /* LocationInputView.swift */ = {isa = PBXFileReference; lastKnownFileType = sourcecode.swift; path = LocationInputView.swift; sourceTree = "<group>"; };
/* End PBXFileReference section */

/* Begin PBXFrameworksBuildPhase section */
		D160166B2554C24C00C36409 /* Frameworks */ = {
			isa = PBXFrameworksBuildPhase;
			buildActionMask = 2147483647;
			files = (
				CCA2A2C0BE713E4E0E5EA593 /* Pods_UberApp.framework in Frameworks */,
			);
			runOnlyForDeploymentPostprocessing = 0;
		};
/* End PBXFrameworksBuildPhase section */

/* Begin PBXGroup section */
		A33E2063F1C1DE7B2784F229 /* Frameworks */ = {
			isa = PBXGroup;
			children = (
				068B3D0165B16635C468F39E /* Pods_UberApp.framework */,
			);
			name = Frameworks;
			sourceTree = "<group>";
		};
		D16016652554C24C00C36409 = {
			isa = PBXGroup;
			children = (
				D16016702554C24C00C36409 /* UberApp */,
				D160166F2554C24C00C36409 /* Products */,
				DBC159758972DD3FA24BC580 /* Pods */,
				A33E2063F1C1DE7B2784F229 /* Frameworks */,
			);
			sourceTree = "<group>";
		};
		D160166F2554C24C00C36409 /* Products */ = {
			isa = PBXGroup;
			children = (
				D160166E2554C24C00C36409 /* UberApp.app */,
			);
			name = Products;
			sourceTree = "<group>";
		};
		D16016702554C24C00C36409 /* UberApp */ = {
			isa = PBXGroup;
			children = (
				D160168A2554C2A500C36409 /* Model */,
				D16016892554C2A200C36409 /* View */,
				D16016882554C29F00C36409 /* Controller */,
				D16016872554C29D00C36409 /* Service */,
				D16016862554C29900C36409 /* Utils */,
				D16016712554C24C00C36409 /* AppDelegate.swift */,
				D16016732554C24C00C36409 /* SceneDelegate.swift */,
				D16016772554C24C00C36409 /* Main.storyboard */,
				D160167A2554C24D00C36409 /* Assets.xcassets */,
				D160167C2554C24D00C36409 /* LaunchScreen.storyboard */,
				D15BC1E32557524800F82E58 /* GoogleService-Info.plist */,
				D160167F2554C24D00C36409 /* Info.plist */,
			);
			path = UberApp;
			sourceTree = "<group>";
		};
		D16016862554C29900C36409 /* Utils */ = {
			isa = PBXGroup;
			children = (
				D16016902554C8F600C36409 /* Extension.swift */,
			);
			path = Utils;
			sourceTree = "<group>";
		};
		D16016872554C29D00C36409 /* Service */ = {
			isa = PBXGroup;
			children = (
			);
			path = Service;
			sourceTree = "<group>";
		};
		D16016882554C29F00C36409 /* Controller */ = {
			isa = PBXGroup;
			children = (
				D160168B2554C37F00C36409 /* LoginController.swift */,
				D15BC1DD2555D98A00F82E58 /* SingUpController.swift */,
				D1C35B8D2558B7CA00FB5504 /* HomeController.swift */,
			);
			path = Controller;
			sourceTree = "<group>";
		};
		D16016892554C2A200C36409 /* View */ = {
			isa = PBXGroup;
			children = (
				D15BC1E02555F81000F82E58 /* AuthButton.swift */,
				D1C35B9025599CF700FB5504 /* LocationInputActivationView.swift */,
				D1C35B932559BAB400FB5504 /* LocationInputView.swift */,
			);
			path = View;
			sourceTree = "<group>";
		};
		D160168A2554C2A500C36409 /* Model */ = {
			isa = PBXGroup;
			children = (
			);
			path = Model;
			sourceTree = "<group>";
		};
		DBC159758972DD3FA24BC580 /* Pods */ = {
			isa = PBXGroup;
			children = (
				6DA4A56DB2F4407A4AE0AE79 /* Pods-UberApp.debug.xcconfig */,
				B0E22504E04681D2BF30FCAD /* Pods-UberApp.release.xcconfig */,
			);
			path = Pods;
			sourceTree = "<group>";
		};
/* End PBXGroup section */

/* Begin PBXNativeTarget section */
		D160166D2554C24C00C36409 /* UberApp */ = {
			isa = PBXNativeTarget;
			buildConfigurationList = D16016822554C24D00C36409 /* Build configuration list for PBXNativeTarget "UberApp" */;
			buildPhases = (
				90F7C32AAD94D180504ECC77 /* [CP] Check Pods Manifest.lock */,
				D160166A2554C24C00C36409 /* Sources */,
				D160166B2554C24C00C36409 /* Frameworks */,
				D160166C2554C24C00C36409 /* Resources */,
				6E35499CD6D09BEC28FEA758 /* [CP] Embed Pods Frameworks */,
			);
			buildRules = (
			);
			dependencies = (
			);
			name = UberApp;
			productName = UberApp;
			productReference = D160166E2554C24C00C36409 /* UberApp.app */;
			productType = "com.apple.product-type.application";
		};
/* End PBXNativeTarget section */

/* Begin PBXProject section */
		D16016662554C24C00C36409 /* Project object */ = {
			isa = PBXProject;
			attributes = {
				LastSwiftUpdateCheck = 1210;
				LastUpgradeCheck = 1210;
				TargetAttributes = {
					D160166D2554C24C00C36409 = {
						CreatedOnToolsVersion = 12.1;
					};
				};
			};
			buildConfigurationList = D16016692554C24C00C36409 /* Build configuration list for PBXProject "UberApp" */;
			compatibilityVersion = "Xcode 9.3";
			developmentRegion = en;
			hasScannedForEncodings = 0;
			knownRegions = (
				en,
				Base,
			);
			mainGroup = D16016652554C24C00C36409;
			productRefGroup = D160166F2554C24C00C36409 /* Products */;
			projectDirPath = "";
			projectRoot = "";
			targets = (
				D160166D2554C24C00C36409 /* UberApp */,
			);
		};
/* End PBXProject section */

/* Begin PBXResourcesBuildPhase section */
		D160166C2554C24C00C36409 /* Resources */ = {
			isa = PBXResourcesBuildPhase;
			buildActionMask = 2147483647;
			files = (
				D160167E2554C24D00C36409 /* LaunchScreen.storyboard in Resources */,
				D15BC1E42557524800F82E58 /* GoogleService-Info.plist in Resources */,
				D160167B2554C24D00C36409 /* Assets.xcassets in Resources */,
				D16016792554C24C00C36409 /* Main.storyboard in Resources */,
			);
			runOnlyForDeploymentPostprocessing = 0;
		};
/* End PBXResourcesBuildPhase section */

/* Begin PBXShellScriptBuildPhase section */
		6E35499CD6D09BEC28FEA758 /* [CP] Embed Pods Frameworks */ = {
			isa = PBXShellScriptBuildPhase;
			buildActionMask = 2147483647;
			files = (
			);
			inputFileListPaths = (
				"${PODS_ROOT}/Target Support Files/Pods-UberApp/Pods-UberApp-frameworks-${CONFIGURATION}-input-files.xcfilelist",
			);
			name = "[CP] Embed Pods Frameworks";
			outputFileListPaths = (
				"${PODS_ROOT}/Target Support Files/Pods-UberApp/Pods-UberApp-frameworks-${CONFIGURATION}-output-files.xcfilelist",
			);
			runOnlyForDeploymentPostprocessing = 0;
			shellPath = /bin/sh;
			shellScript = "\"${PODS_ROOT}/Target Support Files/Pods-UberApp/Pods-UberApp-frameworks.sh\"\n";
			showEnvVarsInLog = 0;
		};
		90F7C32AAD94D180504ECC77 /* [CP] Check Pods Manifest.lock */ = {
			isa = PBXShellScriptBuildPhase;
			buildActionMask = 2147483647;
			files = (
			);
			inputFileListPaths = (
			);
			inputPaths = (
				"${PODS_PODFILE_DIR_PATH}/Podfile.lock",
				"${PODS_ROOT}/Manifest.lock",
			);
			name = "[CP] Check Pods Manifest.lock";
			outputFileListPaths = (
			);
			outputPaths = (
				"$(DERIVED_FILE_DIR)/Pods-UberApp-checkManifestLockResult.txt",
			);
			runOnlyForDeploymentPostprocessing = 0;
			shellPath = /bin/sh;
			shellScript = "diff \"${PODS_PODFILE_DIR_PATH}/Podfile.lock\" \"${PODS_ROOT}/Manifest.lock\" > /dev/null\nif [ $? != 0 ] ; then\n    # print error to STDERR\n    echo \"error: The sandbox is not in sync with the Podfile.lock. Run 'pod install' or update your CocoaPods installation.\" >&2\n    exit 1\nfi\n# This output is used by Xcode 'outputs' to avoid re-running this script phase.\necho \"SUCCESS\" > \"${SCRIPT_OUTPUT_FILE_0}\"\n";
			showEnvVarsInLog = 0;
		};
/* End PBXShellScriptBuildPhase section */

/* Begin PBXSourcesBuildPhase section */
		D160166A2554C24C00C36409 /* Sources */ = {
			isa = PBXSourcesBuildPhase;
			buildActionMask = 2147483647;
			files = (
				D160168C2554C37F00C36409 /* LoginController.swift in Sources */,
				D15BC1E12555F81000F82E58 /* AuthButton.swift in Sources */,
				D1C35B8E2558B7CA00FB5504 /* HomeController.swift in Sources */,
				D1C35B942559BAB400FB5504 /* LocationInputView.swift in Sources */,
				D16016722554C24C00C36409 /* AppDelegate.swift in Sources */,
				D15BC1DE2555D98A00F82E58 /* SingUpController.swift in Sources */,
				D16016742554C24C00C36409 /* SceneDelegate.swift in Sources */,
				D1C35B9125599CF700FB5504 /* LocationInputActivationView.swift in Sources */,
				D16016912554C8F600C36409 /* Extension.swift in Sources */,
			);
			runOnlyForDeploymentPostprocessing = 0;
		};
/* End PBXSourcesBuildPhase section */

/* Begin PBXVariantGroup section */
		D16016772554C24C00C36409 /* Main.storyboard */ = {
			isa = PBXVariantGroup;
			children = (
				D16016782554C24C00C36409 /* Base */,
			);
			name = Main.storyboard;
			sourceTree = "<group>";
		};
		D160167C2554C24D00C36409 /* LaunchScreen.storyboard */ = {
			isa = PBXVariantGroup;
			children = (
				D160167D2554C24D00C36409 /* Base */,
			);
			name = LaunchScreen.storyboard;
			sourceTree = "<group>";
		};
/* End PBXVariantGroup section */

/* Begin XCBuildConfiguration section */
		D16016802554C24D00C36409 /* Debug */ = {
			isa = XCBuildConfiguration;
			buildSettings = {
				ALWAYS_SEARCH_USER_PATHS = NO;
				CLANG_ANALYZER_NONNULL = YES;
				CLANG_ANALYZER_NUMBER_OBJECT_CONVERSION = YES_AGGRESSIVE;
				CLANG_CXX_LANGUAGE_STANDARD = "gnu++14";
				CLANG_CXX_LIBRARY = "libc++";
				CLANG_ENABLE_MODULES = YES;
				CLANG_ENABLE_OBJC_ARC = YES;
				CLANG_ENABLE_OBJC_WEAK = YES;
				CLANG_WARN_BLOCK_CAPTURE_AUTORELEASING = YES;
				CLANG_WARN_BOOL_CONVERSION = YES;
				CLANG_WARN_COMMA = YES;
				CLANG_WARN_CONSTANT_CONVERSION = YES;
				CLANG_WARN_DEPRECATED_OBJC_IMPLEMENTATIONS = YES;
				CLANG_WARN_DIRECT_OBJC_ISA_USAGE = YES_ERROR;
				CLANG_WARN_DOCUMENTATION_COMMENTS = YES;
				CLANG_WARN_EMPTY_BODY = YES;
				CLANG_WARN_ENUM_CONVERSION = YES;
				CLANG_WARN_INFINITE_RECURSION = YES;
				CLANG_WARN_INT_CONVERSION = YES;
				CLANG_WARN_NON_LITERAL_NULL_CONVERSION = YES;
				CLANG_WARN_OBJC_IMPLICIT_RETAIN_SELF = YES;
				CLANG_WARN_OBJC_LITERAL_CONVERSION = YES;
				CLANG_WARN_OBJC_ROOT_CLASS = YES_ERROR;
				CLANG_WARN_QUOTED_INCLUDE_IN_FRAMEWORK_HEADER = YES;
				CLANG_WARN_RANGE_LOOP_ANALYSIS = YES;
				CLANG_WARN_STRICT_PROTOTYPES = YES;
				CLANG_WARN_SUSPICIOUS_MOVE = YES;
				CLANG_WARN_UNGUARDED_AVAILABILITY = YES_AGGRESSIVE;
				CLANG_WARN_UNREACHABLE_CODE = YES;
				CLANG_WARN__DUPLICATE_METHOD_MATCH = YES;
				COPY_PHASE_STRIP = NO;
				DEBUG_INFORMATION_FORMAT = dwarf;
				ENABLE_STRICT_OBJC_MSGSEND = YES;
				ENABLE_TESTABILITY = YES;
				GCC_C_LANGUAGE_STANDARD = gnu11;
				GCC_DYNAMIC_NO_PIC = NO;
				GCC_NO_COMMON_BLOCKS = YES;
				GCC_OPTIMIZATION_LEVEL = 0;
				GCC_PREPROCESSOR_DEFINITIONS = (
					"DEBUG=1",
					"$(inherited)",
				);
				GCC_WARN_64_TO_32_BIT_CONVERSION = YES;
				GCC_WARN_ABOUT_RETURN_TYPE = YES_ERROR;
				GCC_WARN_UNDECLARED_SELECTOR = YES;
				GCC_WARN_UNINITIALIZED_AUTOS = YES_AGGRESSIVE;
				GCC_WARN_UNUSED_FUNCTION = YES;
				GCC_WARN_UNUSED_VARIABLE = YES;
				IPHONEOS_DEPLOYMENT_TARGET = 14.1;
				MTL_ENABLE_DEBUG_INFO = INCLUDE_SOURCE;
				MTL_FAST_MATH = YES;
				ONLY_ACTIVE_ARCH = YES;
				SDKROOT = iphoneos;
				SWIFT_ACTIVE_COMPILATION_CONDITIONS = DEBUG;
				SWIFT_OPTIMIZATION_LEVEL = "-Onone";
			};
			name = Debug;
		};
		D16016812554C24D00C36409 /* Release */ = {
			isa = XCBuildConfiguration;
			buildSettings = {
				ALWAYS_SEARCH_USER_PATHS = NO;
				CLANG_ANALYZER_NONNULL = YES;
				CLANG_ANALYZER_NUMBER_OBJECT_CONVERSION = YES_AGGRESSIVE;
				CLANG_CXX_LANGUAGE_STANDARD = "gnu++14";
				CLANG_CXX_LIBRARY = "libc++";
				CLANG_ENABLE_MODULES = YES;
				CLANG_ENABLE_OBJC_ARC = YES;
				CLANG_ENABLE_OBJC_WEAK = YES;
				CLANG_WARN_BLOCK_CAPTURE_AUTORELEASING = YES;
				CLANG_WARN_BOOL_CONVERSION = YES;
				CLANG_WARN_COMMA = YES;
				CLANG_WARN_CONSTANT_CONVERSION = YES;
				CLANG_WARN_DEPRECATED_OBJC_IMPLEMENTATIONS = YES;
				CLANG_WARN_DIRECT_OBJC_ISA_USAGE = YES_ERROR;
				CLANG_WARN_DOCUMENTATION_COMMENTS = YES;
				CLANG_WARN_EMPTY_BODY = YES;
				CLANG_WARN_ENUM_CONVERSION = YES;
				CLANG_WARN_INFINITE_RECURSION = YES;
				CLANG_WARN_INT_CONVERSION = YES;
				CLANG_WARN_NON_LITERAL_NULL_CONVERSION = YES;
				CLANG_WARN_OBJC_IMPLICIT_RETAIN_SELF = YES;
				CLANG_WARN_OBJC_LITERAL_CONVERSION = YES;
				CLANG_WARN_OBJC_ROOT_CLASS = YES_ERROR;
				CLANG_WARN_QUOTED_INCLUDE_IN_FRAMEWORK_HEADER = YES;
				CLANG_WARN_RANGE_LOOP_ANALYSIS = YES;
				CLANG_WARN_STRICT_PROTOTYPES = YES;
				CLANG_WARN_SUSPICIOUS_MOVE = YES;
				CLANG_WARN_UNGUARDED_AVAILABILITY = YES_AGGRESSIVE;
				CLANG_WARN_UNREACHABLE_CODE = YES;
				CLANG_WARN__DUPLICATE_METHOD_MATCH = YES;
				COPY_PHASE_STRIP = NO;
				DEBUG_INFORMATION_FORMAT = "dwarf-with-dsym";
				ENABLE_NS_ASSERTIONS = NO;
				ENABLE_STRICT_OBJC_MSGSEND = YES;
				GCC_C_LANGUAGE_STANDARD = gnu11;
				GCC_NO_COMMON_BLOCKS = YES;
				GCC_WARN_64_TO_32_BIT_CONVERSION = YES;
				GCC_WARN_ABOUT_RETURN_TYPE = YES_ERROR;
				GCC_WARN_UNDECLARED_SELECTOR = YES;
				GCC_WARN_UNINITIALIZED_AUTOS = YES_AGGRESSIVE;
				GCC_WARN_UNUSED_FUNCTION = YES;
				GCC_WARN_UNUSED_VARIABLE = YES;
				IPHONEOS_DEPLOYMENT_TARGET = 14.1;
				MTL_ENABLE_DEBUG_INFO = NO;
				MTL_FAST_MATH = YES;
				SDKROOT = iphoneos;
				SWIFT_COMPILATION_MODE = wholemodule;
				SWIFT_OPTIMIZATION_LEVEL = "-O";
				VALIDATE_PRODUCT = YES;
			};
			name = Release;
		};
		D16016832554C24D00C36409 /* Debug */ = {
			isa = XCBuildConfiguration;
			baseConfigurationReference = 6DA4A56DB2F4407A4AE0AE79 /* Pods-UberApp.debug.xcconfig */;
			buildSettings = {
				ASSETCATALOG_COMPILER_APPICON_NAME = AppIcon;
				ASSETCATALOG_COMPILER_GLOBAL_ACCENT_COLOR_NAME = AccentColor;
				CODE_SIGN_STYLE = Automatic;
				DEVELOPMENT_TEAM = Z56UVR5Q3Z;
				INFOPLIST_FILE = UberApp/Info.plist;
				LD_RUNPATH_SEARCH_PATHS = (
					"$(inherited)",
					"@executable_path/Frameworks",
				);
				PRODUCT_BUNDLE_IDENTIFIER = com.justynakowalkowska.UberApp;
				PRODUCT_NAME = "$(TARGET_NAME)";
				SWIFT_VERSION = 5.0;
				TARGETED_DEVICE_FAMILY = "1,2";
			};
			name = Debug;
		};
		D16016842554C24D00C36409 /* Release */ = {
			isa = XCBuildConfiguration;
			baseConfigurationReference = B0E22504E04681D2BF30FCAD /* Pods-UberApp.release.xcconfig */;
			buildSettings = {
				ASSETCATALOG_COMPILER_APPICON_NAME = AppIcon;
				ASSETCATALOG_COMPILER_GLOBAL_ACCENT_COLOR_NAME = AccentColor;
				CODE_SIGN_STYLE = Automatic;
				DEVELOPMENT_TEAM = Z56UVR5Q3Z;
				INFOPLIST_FILE = UberApp/Info.plist;
				LD_RUNPATH_SEARCH_PATHS = (
					"$(inherited)",
					"@executable_path/Frameworks",
				);
				PRODUCT_BUNDLE_IDENTIFIER = com.justynakowalkowska.UberApp;
				PRODUCT_NAME = "$(TARGET_NAME)";
				SWIFT_VERSION = 5.0;
				TARGETED_DEVICE_FAMILY = "1,2";
			};
			name = Release;
		};
/* End XCBuildConfiguration section */

/* Begin XCConfigurationList section */
		D16016692554C24C00C36409 /* Build configuration list for PBXProject "UberApp" */ = {
			isa = XCConfigurationList;
			buildConfigurations = (
				D16016802554C24D00C36409 /* Debug */,
				D16016812554C24D00C36409 /* Release */,
			);
			defaultConfigurationIsVisible = 0;
			defaultConfigurationName = Release;
		};
		D16016822554C24D00C36409 /* Build configuration list for PBXNativeTarget "UberApp" */ = {
			isa = XCConfigurationList;
			buildConfigurations = (
				D16016832554C24D00C36409 /* Debug */,
				D16016842554C24D00C36409 /* Release */,
			);
			defaultConfigurationIsVisible = 0;
			defaultConfigurationName = Release;
		};
/* End XCConfigurationList section */
	};
	rootObject = D16016662554C24C00C36409 /* Project object */;
}
